
Microsoft Visual Studio Solution File, Format Version 12.00
# Visual Studio Version 17
VisualStudioVersion = 17.5.002.0
MinimumVisualStudioVersion = 10.0.40219.1
Project("{9A19103F-16F7-4668-BE54-9A1E7A4F7556}") = "ATM", "ATM\ATM.csproj", "{CE328EA8-C967-460E-9404-C853280C0099}"
EndProject
Global
	GlobalSection(SolutionConfigurationPlatforms) = preSolution
		Debug|Any CPU = Debug|Any CPU
		Release|Any CPU = Release|Any CPU
	EndGlobalSection
	GlobalSection(ProjectConfigurationPlatforms) = postSolution
		{CE328EA8-C967-460E-9404-C853280C0099}.Debug|Any CPU.ActiveCfg = Debug|Any CPU
		{CE328EA8-C967-460E-9404-C853280C0099}.Debug|Any CPU.Build.0 = Debug|Any CPU
		{CE328EA8-C967-460E-9404-C853280C0099}.Release|Any CPU.ActiveCfg = Release|Any CPU
		{CE328EA8-C967-460E-9404-C853280C0099}.Release|Any CPU.Build.0 = Release|Any CPU
	EndGlobalSection
	GlobalSection(SolutionProperties) = preSolution
		HideSolutionNode = FALSE
	EndGlobalSection
	GlobalSection(ExtensibilityGlobals) = postSolution
		SolutionGuid = {3A149BD5-8EB5-4AF8-9585-D3DE7771E29C}
	EndGlobalSection
EndGlobal
